
Microsoft Visual Studio Solution File, Format Version 12.00
# Visual Studio Version 16
VisualStudioVersion = 16.0.30413.136
MinimumVisualStudioVersion = 10.0.40219.1
Project("{FAE04EC0-301F-11D3-BF4B-00C04F79EFBC}") = "swagger.demo", "swagger.demo\swagger.demo.csproj", "{51B6ED6E-D723-40A8-8C1B-2A85D7D03C9B}"
EndProject
Global
	GlobalSection(SolutionConfigurationPlatforms) = preSolution
		Debug|Any CPU = Debug|Any CPU
		Release|Any CPU = Release|Any CPU
	EndGlobalSection
	GlobalSection(ProjectConfigurationPlatforms) = postSolution
		{51B6ED6E-D723-40A8-8C1B-2A85D7D03C9B}.Debug|Any CPU.ActiveCfg = Debug|Any CPU
		{51B6ED6E-D723-40A8-8C1B-2A85D7D03C9B}.Debug|Any CPU.Build.0 = Debug|Any CPU
		{51B6ED6E-D723-40A8-8C1B-2A85D7D03C9B}.Release|Any CPU.ActiveCfg = Release|Any CPU
		{51B6ED6E-D723-40A8-8C1B-2A85D7D03C9B}.Release|Any CPU.Build.0 = Release|Any CPU
	EndGlobalSection
	GlobalSection(SolutionProperties) = preSolution
		HideSolutionNode = FALSE
	EndGlobalSection
	GlobalSection(ExtensibilityGlobals) = postSolution
		SolutionGuid = {C1F88C0E-FC53-43E6-B229-D5FC72A8E94E}
	EndGlobalSection
EndGlobal
